
Microsoft Visual Studio Solution File, Format Version 12.00
# Visual Studio Version 16
VisualStudioVersion = 16.0.31515.178
MinimumVisualStudioVersion = 10.0.40219.1
Project("{FAE04EC0-301F-11D3-BF4B-00C04F79EFBC}") = "Ex04.Menus.Test", "Ex04.Menus.Test\Ex04.Menus.Test.csproj", "{52B5FED2-13BC-422F-A654-7548F0388EE3}"
EndProject
Project("{FAE04EC0-301F-11D3-BF4B-00C04F79EFBC}") = "Ex04.Menus.Delegates", "Ex04.Menus.Delegates\Ex04.Menus.Delegates.csproj", "{EE1AD434-7176-4C09-BDFC-912ACBC66752}"
EndProject
Project("{FAE04EC0-301F-11D3-BF4B-00C04F79EFBC}") = "Ex04.Menus.Interfaces", "Ex04.Menus.Interfaces\Ex04.Menus.Interfaces.csproj", "{C0655443-FAB7-48FD-BA43-6A2C298A3857}"
EndProject
Global
	GlobalSection(SolutionConfigurationPlatforms) = preSolution
		Debug|Any CPU = Debug|Any CPU
		Release|Any CPU = Release|Any CPU
	EndGlobalSection
	GlobalSection(ProjectConfigurationPlatforms) = postSolution
		{52B5FED2-13BC-422F-A654-7548F0388EE3}.Debug|Any CPU.ActiveCfg = Debug|Any CPU
		{52B5FED2-13BC-422F-A654-7548F0388EE3}.Debug|Any CPU.Build.0 = Debug|Any CPU
		{52B5FED2-13BC-422F-A654-7548F0388EE3}.Release|Any CPU.ActiveCfg = Release|Any CPU
		{52B5FED2-13BC-422F-A654-7548F0388EE3}.Release|Any CPU.Build.0 = Release|Any CPU
		{EE1AD434-7176-4C09-BDFC-912ACBC66752}.Debug|Any CPU.ActiveCfg = Debug|Any CPU
		{EE1AD434-7176-4C09-BDFC-912ACBC66752}.Debug|Any CPU.Build.0 = Debug|Any CPU
		{EE1AD434-7176-4C09-BDFC-912ACBC66752}.Release|Any CPU.ActiveCfg = Release|Any CPU
		{EE1AD434-7176-4C09-BDFC-912ACBC66752}.Release|Any CPU.Build.0 = Release|Any CPU
		{C0655443-FAB7-48FD-BA43-6A2C298A3857}.Debug|Any CPU.ActiveCfg = Debug|Any CPU
		{C0655443-FAB7-48FD-BA43-6A2C298A3857}.Debug|Any CPU.Build.0 = Debug|Any CPU
		{C0655443-FAB7-48FD-BA43-6A2C298A3857}.Release|Any CPU.ActiveCfg = Release|Any CPU
		{C0655443-FAB7-48FD-BA43-6A2C298A3857}.Release|Any CPU.Build.0 = Release|Any CPU
	EndGlobalSection
	GlobalSection(SolutionProperties) = preSolution
		HideSolutionNode = FALSE
	EndGlobalSection
	GlobalSection(ExtensibilityGlobals) = postSolution
		SolutionGuid = {CDFCD136-FE83-4B32-A43B-B18CCF2D3FDF}
	EndGlobalSection
EndGlobal
