
Microsoft Visual Studio Solution File, Format Version 12.00
# Visual Studio Version 16
VisualStudioVersion = 16.0.33027.164
MinimumVisualStudioVersion = 10.0.40219.1
Project("{FAE04EC0-301F-11D3-BF4B-00C04F79EFBC}") = "Ex01_01", "Ex01_01\Ex01_01.csproj", "{1A3199E5-DF7F-44D5-8DCD-BF950780964D}"
EndProject
Project("{FAE04EC0-301F-11D3-BF4B-00C04F79EFBC}") = "Ex01_02", "Ex01_02\Ex01_02.csproj", "{92B1DC64-11FF-4143-AB2E-628E7E5A63E8}"
EndProject
Project("{FAE04EC0-301F-11D3-BF4B-00C04F79EFBC}") = "Ex01_03", "Ex01_03\Ex01_03.csproj", "{DB2491C8-F0F3-4AFC-81F8-0806650BA32B}"
EndProject
Project("{FAE04EC0-301F-11D3-BF4B-00C04F79EFBC}") = "Ex01_04", "Ex01_04\Ex01_04.csproj", "{F74B5CE7-34A1-47B1-A9A3-AA70C63E20F0}"
EndProject
Project("{FAE04EC0-301F-11D3-BF4B-00C04F79EFBC}") = "Ex01_05", "Ex01_05\Ex01_05.csproj", "{61ED6683-18F5-4336-80EB-D3B11E9E9478}"
EndProject
Global
	GlobalSection(SolutionConfigurationPlatforms) = preSolution
		Debug|Any CPU = Debug|Any CPU
		Release|Any CPU = Release|Any CPU
	EndGlobalSection
	GlobalSection(ProjectConfigurationPlatforms) = postSolution
		{1A3199E5-DF7F-44D5-8DCD-BF950780964D}.Debug|Any CPU.ActiveCfg = Debug|Any CPU
		{1A3199E5-DF7F-44D5-8DCD-BF950780964D}.Debug|Any CPU.Build.0 = Debug|Any CPU
		{1A3199E5-DF7F-44D5-8DCD-BF950780964D}.Release|Any CPU.ActiveCfg = Release|Any CPU
		{1A3199E5-DF7F-44D5-8DCD-BF950780964D}.Release|Any CPU.Build.0 = Release|Any CPU
		{92B1DC64-11FF-4143-AB2E-628E7E5A63E8}.Debug|Any CPU.ActiveCfg = Debug|Any CPU
		{92B1DC64-11FF-4143-AB2E-628E7E5A63E8}.Debug|Any CPU.Build.0 = Debug|Any CPU
		{92B1DC64-11FF-4143-AB2E-628E7E5A63E8}.Release|Any CPU.ActiveCfg = Release|Any CPU
		{92B1DC64-11FF-4143-AB2E-628E7E5A63E8}.Release|Any CPU.Build.0 = Release|Any CPU
		{DB2491C8-F0F3-4AFC-81F8-0806650BA32B}.Debug|Any CPU.ActiveCfg = Debug|Any CPU
		{DB2491C8-F0F3-4AFC-81F8-0806650BA32B}.Debug|Any CPU.Build.0 = Debug|Any CPU
		{DB2491C8-F0F3-4AFC-81F8-0806650BA32B}.Release|Any CPU.ActiveCfg = Release|Any CPU
		{DB2491C8-F0F3-4AFC-81F8-0806650BA32B}.Release|Any CPU.Build.0 = Release|Any CPU
		{F74B5CE7-34A1-47B1-A9A3-AA70C63E20F0}.Debug|Any CPU.ActiveCfg = Debug|Any CPU
		{F74B5CE7-34A1-47B1-A9A3-AA70C63E20F0}.Debug|Any CPU.Build.0 = Debug|Any CPU
		{F74B5CE7-34A1-47B1-A9A3-AA70C63E20F0}.Release|Any CPU.ActiveCfg = Release|Any CPU
		{F74B5CE7-34A1-47B1-A9A3-AA70C63E20F0}.Release|Any CPU.Build.0 = Release|Any CPU
		{61ED6683-18F5-4336-80EB-D3B11E9E9478}.Debug|Any CPU.ActiveCfg = Debug|Any CPU
		{61ED6683-18F5-4336-80EB-D3B11E9E9478}.Debug|Any CPU.Build.0 = Debug|Any CPU
		{61ED6683-18F5-4336-80EB-D3B11E9E9478}.Release|Any CPU.ActiveCfg = Release|Any CPU
		{61ED6683-18F5-4336-80EB-D3B11E9E9478}.Release|Any CPU.Build.0 = Release|Any CPU
	EndGlobalSection
	GlobalSection(SolutionProperties) = preSolution
		HideSolutionNode = FALSE
	EndGlobalSection
	GlobalSection(ExtensibilityGlobals) = postSolution
		SolutionGuid = {0DF8DB1C-4A92-4DE1-9FD4-0A7FF347C2CB}
	EndGlobalSection
EndGlobal
